
Microsoft Visual Studio Solution File, Format Version 12.00
# Visual Studio 15
VisualStudioVersion = 15.0.28307.489
MinimumVisualStudioVersion = 10.0.40219.1
Project("{FAE04EC0-301F-11D3-BF4B-00C04F79EFBC}") = "Lesson1", "Lesson1\Lesson1.csproj", "{49194172-CD71-4777-B5A5-D30849C469CA}"
EndProject
Global
	GlobalSection(SolutionConfigurationPlatforms) = preSolution
		Debug|Any CPU = Debug|Any CPU
		Release|Any CPU = Release|Any CPU
	EndGlobalSection
	GlobalSection(ProjectConfigurationPlatforms) = postSolution
		{49194172-CD71-4777-B5A5-D30849C469CA}.Debug|Any CPU.ActiveCfg = Debug|Any CPU
		{49194172-CD71-4777-B5A5-D30849C469CA}.Debug|Any CPU.Build.0 = Debug|Any CPU
		{49194172-CD71-4777-B5A5-D30849C469CA}.Release|Any CPU.ActiveCfg = Release|Any CPU
		{49194172-CD71-4777-B5A5-D30849C469CA}.Release|Any CPU.Build.0 = Release|Any CPU
	EndGlobalSection
	GlobalSection(SolutionProperties) = preSolution
		HideSolutionNode = FALSE
	EndGlobalSection
	GlobalSection(ExtensibilityGlobals) = postSolution
		SolutionGuid = {AABC1C97-8698-4EF0-A3DA-FEC9CCE7615A}
	EndGlobalSection
EndGlobal
